<?xml version="1.0" encoding="utf-8"?>
<Project ToolsVersion="4.0" xmlns="http://schemas.microsoft.com/developer/msbuild/2003">
  <ItemGroup>
    <Filter Include="Source Files">
      <UniqueIdentifier>{4FC737F1-C7A5-4376-A066-2A32D752A2FF}</UniqueIdentifier>
      <Extensions>cpp;c;cc;cxx;c++;cppm;ixx;def;odl;idl;hpj;bat;asm;asmx</Extensions>
    </Filter>
    <Filter Include="Header Files">
      <UniqueIdentifier>{93995380-89BD-4b04-88EB-625FBE52EBFB}</UniqueIdentifier>
      <Extensions>h;hh;hpp;hxx;h++;hm;inl;inc;ipp;xsd</Extensions>
    </Filter>
    <Filter Include="Resource Files">
      <UniqueIdentifier>{67DA6AB6-F800-4c08-8B7A-83BB121AAD01}</UniqueIdentifier>
      <Extensions>rc;ico;cur;bmp;dlg;rc2;rct;bin;rgs;gif;jpg;jpeg;jpe;resx;tiff;tif;png;wav;mfcribbon-ms</Extensions>
    </Filter>
  </ItemGroup>
  <ItemGroup>
    <ClCompile Include="utils\data_export.cpp">
      <Filter>Source Files</Filter>
    </ClCompile>
    <ClCompile Include="utils\data_import.cpp">
      <Filter>Source Files</Filter>
    </ClCompile>
    <ClCompile Include="tests\main.cpp">
      <Filter>Source Files</Filter>
    </ClCompile>
    <ClCompile Include="services\class_service.cpp">
      <Filter>Source Files</Filter>
    </ClCompile>
    <ClCompile Include="services\client_service.cpp">
      <Filter>Source Files</Filter>
    </ClCompile>
    <ClCompile Include="services\membership_service.cpp">
      <Filter>Source Files</Filter>
    </ClCompile>
    <ClCompile Include="services\report_service.cpp">
      <Filter>Source Files</Filter>
    </ClCompile>
    <ClCompile Include="models\client.cpp">
      <Filter>Source Files</Filter>
    </ClCompile>
    <ClCompile Include="models\gym_class.cpp">
      <Filter>Source Files</Filter>
    </ClCompile>
    <ClCompile Include="models\membership.cpp">
      <Filter>Source Files</Filter>
    </ClCompile>
    <ClCompile Include="models\reservation.cpp">
      <Filter>Source Files</Filter>
    </ClCompile>
    <ClCompile Include="database\db_manager.cpp">
      <Filter>Source Files</Filter>
    </ClCompile>
    <ClCompile Include="database\dao\class_dao.cpp">
      <Filter>Source Files</Filter>
    </ClCompile>
    <ClCompile Include="database\dao\client_dao.cpp">
      <Filter>Source Files</Filter>
    </ClCompile>
    <ClCompile Include="database\dao\membership_dao.cpp">
      <Filter>Source Files</Filter>
    </ClCompile>
  </ItemGroup>
  <ItemGroup>
    <ClInclude Include="utils\data_export.h">
      <Filter>Header Files</Filter>
    </ClInclude>
    <ClInclude Include="utils\data_import.h">
      <Filter>Header Files</Filter>
    </ClInclude>
    <ClInclude Include="services\class_service.h">
      <Filter>Header Files</Filter>
    </ClInclude>
    <ClInclude Include="services\client_service.h">
      <Filter>Header Files</Filter>
    </ClInclude>
    <ClInclude Include="services\membership_service.h">
      <Filter>Header Files</Filter>
    </ClInclude>
    <ClInclude Include="services\report_service.h">
      <Filter>Header Files</Filter>
    </ClInclude>
    <ClInclude Include="models\client.h">
      <Filter>Header Files</Filter>
    </ClInclude>
    <ClInclude Include="models\gym_class.h">
      <Filter>Header Files</Filter>
    </ClInclude>
    <ClInclude Include="models\membership.h">
      <Filter>Header Files</Filter>
    </ClInclude>
    <ClInclude Include="models\reservation.h">
      <Filter>Header Files</Filter>
    </ClInclude>
    <ClInclude Include="database\db_manager.h">
      <Filter>Header Files</Filter>
    </ClInclude>
    <ClInclude Include="database\dao\class_dao.h">
      <Filter>Header Files</Filter>
    </ClInclude>
    <ClInclude Include="database\dao\client_dao.h">
      <Filter>Header Files</Filter>
    </ClInclude>
    <ClInclude Include="database\dao\membership_dao.h">
      <Filter>Header Files</Filter>
    </ClInclude>
  </ItemGroup>
  <ItemGroup>
    <Text Include="tests\CMakeLists.txt" />
  </ItemGroup>
</Project>